<?xml version="1.0" encoding="utf-8" standalone="no"?>
<Scheme LastUpgradeVersion="1100" version="1.3">
	<AnalyzeAction buildConfiguration="Debug" />
	<ArchiveAction buildConfiguration="Release" revealArchiveInOrganizer="YES" />
	<TestAction codeCoverageEnabled="NO" selectedDebuggerIdentifier="Xcode.DebuggerFoundation.Debugger.LLDB" shouldUseLaunchSchemeArgsEnv="YES" buildConfiguration="Debug" selectedLauncherIdentifier="Xcode.DebuggerFoundation.Launcher.LLDB">
		<Testables />
	</TestAction>
	<ProfileAction savedToolIdentifier="" buildConfiguration="Release" useCustomWorkingDirectory="NO" shouldUseLaunchSchemeArgsEnv="YES" debugDocumentVersioning="YES" />
	<BuildAction buildImplicitDependencies="YES" parallelizeBuildables="YES">
		<BuildActionEntries>
			<BuildActionEntry buildForAnalyzing="YES" buildForTesting="YES" buildForArchiving="YES" buildForProfiling="YES" buildForRunning="YES">
				<BuildableReference BuildableName="AUv3FilterFramework.framework" BlueprintName="AUv3FilterFramework iOS" ReferencedContainer="container:AUv3Filter.xcodeproj" BlueprintIdentifier="C437FE51222367CD008D6C09" BuildableIdentifier="primary" />
			</BuildActionEntry>
		</BuildActionEntries>
	</BuildAction>
	<LaunchAction launchStyle="0" selectedDebuggerIdentifier="Xcode.DebuggerFoundation.Debugger.LLDB" ignoresPersistentStateOnLaunch="NO" allowLocationSimulation="YES" useCustomWorkingDirectory="NO" debugDocumentVersioning="YES" debugServiceExtension="internal" buildConfiguration="Debug" selectedLauncherIdentifier="Xcode.DebuggerFoundation.Launcher.LLDB" />
</Scheme>