<?xml version="1.0" encoding="utf-8" standalone="no"?>
<Scheme version="1.3" LastUpgradeVersion="1100">
	<AnalyzeAction buildConfiguration="Debug" />
	<ArchiveAction buildConfiguration="Release" revealArchiveInOrganizer="YES" />
	<TestAction selectedDebuggerIdentifier="Xcode.DebuggerFoundation.Debugger.LLDB" codeCoverageEnabled="NO" selectedLauncherIdentifier="Xcode.DebuggerFoundation.Launcher.LLDB" shouldUseLaunchSchemeArgsEnv="YES" buildConfiguration="Debug">
		<Testables />
		<MacroExpansion>
			<BuildableReference BuildableIdentifier="primary" BuildableName="AUv3FilterExtension.appex" ReferencedContainer="container:AUv3Filter.xcodeproj" BlueprintName="AUv3FilterExtension iOS" BlueprintIdentifier="C437FE622223686D008D6C09" />
		</MacroExpansion>
	</TestAction>
	<ProfileAction savedToolIdentifier="" useCustomWorkingDirectory="NO" debugDocumentVersioning="YES" buildConfiguration="Release" shouldUseLaunchSchemeArgsEnv="YES">
		<BuildableProductRunnable runnableDebuggingMode="0">
			<BuildableReference BlueprintIdentifier="C437FE39222367A6008D6C09" BuildableIdentifier="primary" BuildableName="AUv3Filter.app" ReferencedContainer="container:AUv3Filter.xcodeproj" BlueprintName="AUv3Filter iOS" />
		</BuildableProductRunnable>
	</ProfileAction>
	<BuildAction buildImplicitDependencies="YES" parallelizeBuildables="YES">
		<BuildActionEntries>
			<BuildActionEntry buildForProfiling="YES" buildForAnalyzing="YES" buildForArchiving="YES" buildForRunning="YES" buildForTesting="YES">
				<BuildableReference BuildableIdentifier="primary" BlueprintName="AUv3FilterExtension iOS" BuildableName="AUv3FilterExtension.appex" BlueprintIdentifier="C437FE622223686D008D6C09" ReferencedContainer="container:AUv3Filter.xcodeproj" />
			</BuildActionEntry>
			<BuildActionEntry buildForRunning="YES" buildForArchiving="YES" buildForTesting="YES" buildForProfiling="YES" buildForAnalyzing="YES">
				<BuildableReference BuildableName="AUv3Filter.app" ReferencedContainer="container:AUv3Filter.xcodeproj" BuildableIdentifier="primary" BlueprintIdentifier="C437FE39222367A6008D6C09" BlueprintName="AUv3Filter iOS" />
			</BuildActionEntry>
		</BuildActionEntries>
	</BuildAction>
	<LaunchAction buildConfiguration="Debug" useCustomWorkingDirectory="NO" ignoresPersistentStateOnLaunch="NO" launchStyle="0" debugServiceExtension="internal" allowLocationSimulation="YES" debugDocumentVersioning="YES" selectedLauncherIdentifier="Xcode.IDEFoundation.Launcher.PosixSpawn" selectedDebuggerIdentifier="">
		<BuildableProductRunnable runnableDebuggingMode="0">
			<BuildableReference BlueprintIdentifier="C437FE39222367A6008D6C09" BlueprintName="AUv3Filter iOS" BuildableName="AUv3Filter.app" BuildableIdentifier="primary" ReferencedContainer="container:AUv3Filter.xcodeproj" />
		</BuildableProductRunnable>
	</LaunchAction>
</Scheme>