<?xml version="1.0" encoding="utf-8" standalone="no"?>
<Scheme LastUpgradeVersion="1100" version="1.3">
	<AnalyzeAction buildConfiguration="Debug" />
	<ArchiveAction buildConfiguration="Release" revealArchiveInOrganizer="YES" />
	<TestAction selectedDebuggerIdentifier="Xcode.DebuggerFoundation.Debugger.LLDB" buildConfiguration="Debug" selectedLauncherIdentifier="Xcode.DebuggerFoundation.Launcher.LLDB" codeCoverageEnabled="NO" shouldUseLaunchSchemeArgsEnv="YES">
		<Testables />
		<MacroExpansion>
			<BuildableReference BlueprintName="AUv3FilterExtension macOS" BuildableName="AUv3FilterExtension.appex" ReferencedContainer="container:AUv3Filter.xcodeproj" BuildableIdentifier="primary" BlueprintIdentifier="C437FE9F222368B7008D6C09" />
		</MacroExpansion>
	</TestAction>
	<ProfileAction debugDocumentVersioning="YES" useCustomWorkingDirectory="NO" savedToolIdentifier="" buildConfiguration="Release" shouldUseLaunchSchemeArgsEnv="YES">
		<BuildableProductRunnable runnableDebuggingMode="0">
			<BuildableReference ReferencedContainer="container:AUv3Filter.xcodeproj" BuildableIdentifier="primary" BlueprintIdentifier="C437FE792223688D008D6C09" BuildableName="AUv3Filter.app" BlueprintName="AUv3Filter macOS" />
		</BuildableProductRunnable>
	</ProfileAction>
	<BuildAction buildImplicitDependencies="YES" parallelizeBuildables="YES">
		<BuildActionEntries>
			<BuildActionEntry buildForProfiling="YES" buildForRunning="YES" buildForTesting="YES" buildForArchiving="YES" buildForAnalyzing="YES">
				<BuildableReference BuildableIdentifier="primary" BlueprintIdentifier="C437FE9F222368B7008D6C09" BuildableName="AUv3FilterExtension.appex" BlueprintName="AUv3FilterExtension macOS" ReferencedContainer="container:AUv3Filter.xcodeproj" />
			</BuildActionEntry>
			<BuildActionEntry buildForProfiling="YES" buildForArchiving="YES" buildForAnalyzing="YES" buildForTesting="YES" buildForRunning="YES">
				<BuildableReference BlueprintIdentifier="C437FE792223688D008D6C09" ReferencedContainer="container:AUv3Filter.xcodeproj" BlueprintName="AUv3Filter macOS" BuildableIdentifier="primary" BuildableName="AUv3Filter.app" />
			</BuildActionEntry>
		</BuildActionEntries>
	</BuildAction>
	<LaunchAction allowLocationSimulation="YES" useCustomWorkingDirectory="NO" selectedDebuggerIdentifier="" ignoresPersistentStateOnLaunch="NO" buildConfiguration="Debug" debugServiceExtension="internal" selectedLauncherIdentifier="Xcode.IDEFoundation.Launcher.PosixSpawn" launchStyle="0" debugDocumentVersioning="YES">
		<BuildableProductRunnable runnableDebuggingMode="0">
			<BuildableReference ReferencedContainer="container:AUv3Filter.xcodeproj" BuildableName="AUv3Filter.app" BlueprintName="AUv3Filter macOS" BuildableIdentifier="primary" BlueprintIdentifier="C437FE792223688D008D6C09" />
		</BuildableProductRunnable>
	</LaunchAction>
</Scheme>