<?xml version="1.0" encoding="utf-8" standalone="no"?>
<Scheme LastUpgradeVersion="1100" version="1.3">
	<AnalyzeAction buildConfiguration="Debug" />
	<ArchiveAction revealArchiveInOrganizer="YES" buildConfiguration="Release" />
	<TestAction shouldUseLaunchSchemeArgsEnv="YES" buildConfiguration="Debug" selectedLauncherIdentifier="Xcode.DebuggerFoundation.Launcher.LLDB" selectedDebuggerIdentifier="Xcode.DebuggerFoundation.Debugger.LLDB" codeCoverageEnabled="NO">
		<Testables />
		<MacroExpansion>
			<BuildableReference BlueprintName="AUv3Filter macOS" BuildableIdentifier="primary" ReferencedContainer="container:AUv3Filter.xcodeproj" BuildableName="AUv3Filter.app" BlueprintIdentifier="C437FE792223688D008D6C09" />
		</MacroExpansion>
	</TestAction>
	<ProfileAction buildConfiguration="Release" savedToolIdentifier="" shouldUseLaunchSchemeArgsEnv="YES" useCustomWorkingDirectory="NO" debugDocumentVersioning="YES">
		<BuildableProductRunnable runnableDebuggingMode="0">
			<BuildableReference ReferencedContainer="container:AUv3Filter.xcodeproj" BuildableName="AUv3Filter.app" BlueprintIdentifier="C437FE792223688D008D6C09" BuildableIdentifier="primary" BlueprintName="AUv3Filter macOS" />
		</BuildableProductRunnable>
	</ProfileAction>
	<BuildAction buildImplicitDependencies="YES" parallelizeBuildables="YES">
		<BuildActionEntries>
			<BuildActionEntry buildForTesting="YES" buildForRunning="YES" buildForProfiling="YES" buildForArchiving="YES" buildForAnalyzing="YES">
				<BuildableReference BlueprintName="AUv3Filter macOS" BlueprintIdentifier="C437FE792223688D008D6C09" BuildableIdentifier="primary" BuildableName="AUv3Filter.app" ReferencedContainer="container:AUv3Filter.xcodeproj" />
			</BuildActionEntry>
		</BuildActionEntries>
	</BuildAction>
	<LaunchAction buildConfiguration="Debug" selectedDebuggerIdentifier="Xcode.DebuggerFoundation.Debugger.LLDB" ignoresPersistentStateOnLaunch="NO" useCustomWorkingDirectory="NO" launchStyle="0" debugDocumentVersioning="YES" allowLocationSimulation="YES" selectedLauncherIdentifier="Xcode.DebuggerFoundation.Launcher.LLDB" debugServiceExtension="internal">
		<BuildableProductRunnable runnableDebuggingMode="0">
			<BuildableReference BuildableName="AUv3Filter.app" BuildableIdentifier="primary" BlueprintIdentifier="C437FE792223688D008D6C09" ReferencedContainer="container:AUv3Filter.xcodeproj" BlueprintName="AUv3Filter macOS" />
		</BuildableProductRunnable>
	</LaunchAction>
</Scheme>