<?xml version="1.0" encoding="utf-8" standalone="no"?>
<Scheme LastUpgradeVersion="1100" version="1.3">
	<AnalyzeAction buildConfiguration="Debug" />
	<ArchiveAction buildConfiguration="Release" revealArchiveInOrganizer="YES" />
	<TestAction codeCoverageEnabled="NO" buildConfiguration="Debug" selectedLauncherIdentifier="Xcode.DebuggerFoundation.Launcher.LLDB" shouldUseLaunchSchemeArgsEnv="YES" selectedDebuggerIdentifier="Xcode.DebuggerFoundation.Debugger.LLDB">
		<Testables />
		<MacroExpansion>
			<BuildableReference BuildableIdentifier="primary" BlueprintName="AUv3FilterExtension macOS" BlueprintIdentifier="C437FE9F222368B7008D6C09" ReferencedContainer="container:AUv3Filter.xcodeproj" BuildableName="AUv3FilterExtension.appex" />
		</MacroExpansion>
	</TestAction>
	<ProfileAction buildConfiguration="Release" shouldUseLaunchSchemeArgsEnv="YES" savedToolIdentifier="" debugDocumentVersioning="YES" useCustomWorkingDirectory="NO">
		<BuildableProductRunnable runnableDebuggingMode="0">
			<BuildableReference BuildableIdentifier="primary" BuildableName="AUv3Filter.app" BlueprintIdentifier="C437FE792223688D008D6C09" BlueprintName="AUv3Filter macOS" ReferencedContainer="container:AUv3Filter.xcodeproj" />
		</BuildableProductRunnable>
	</ProfileAction>
	<BuildAction buildImplicitDependencies="YES" parallelizeBuildables="YES">
		<BuildActionEntries>
			<BuildActionEntry buildForTesting="YES" buildForArchiving="YES" buildForRunning="YES" buildForAnalyzing="YES" buildForProfiling="YES">
				<BuildableReference BlueprintIdentifier="C437FE9F222368B7008D6C09" BuildableIdentifier="primary" BuildableName="AUv3FilterExtension.appex" BlueprintName="AUv3FilterExtension macOS" ReferencedContainer="container:AUv3Filter.xcodeproj" />
			</BuildActionEntry>
			<BuildActionEntry buildForAnalyzing="YES" buildForArchiving="YES" buildForProfiling="YES" buildForRunning="YES" buildForTesting="YES">
				<BuildableReference BuildableName="AUv3Filter.app" BlueprintIdentifier="C437FE792223688D008D6C09" BuildableIdentifier="primary" BlueprintName="AUv3Filter macOS" ReferencedContainer="container:AUv3Filter.xcodeproj" />
			</BuildActionEntry>
		</BuildActionEntries>
	</BuildAction>
	<LaunchAction allowLocationSimulation="YES" useCustomWorkingDirectory="NO" ignoresPersistentStateOnLaunch="NO" selectedDebuggerIdentifier="" debugDocumentVersioning="YES" buildConfiguration="Debug" launchStyle="0" debugServiceExtension="internal" selectedLauncherIdentifier="Xcode.IDEFoundation.Launcher.PosixSpawn">
		<BuildableProductRunnable runnableDebuggingMode="0">
			<BuildableReference BlueprintName="AUv3Filter macOS" ReferencedContainer="container:AUv3Filter.xcodeproj" BlueprintIdentifier="C437FE792223688D008D6C09" BuildableIdentifier="primary" BuildableName="AUv3Filter.app" />
		</BuildableProductRunnable>
	</LaunchAction>
</Scheme>