<?xml version="1.0" encoding="utf-8" standalone="no"?>
<Scheme LastUpgradeVersion="1100" version="1.3">
	<AnalyzeAction buildConfiguration="Debug" />
	<ArchiveAction revealArchiveInOrganizer="YES" buildConfiguration="Release" />
	<TestAction buildConfiguration="Debug" selectedDebuggerIdentifier="Xcode.DebuggerFoundation.Debugger.LLDB" selectedLauncherIdentifier="Xcode.DebuggerFoundation.Launcher.LLDB" shouldUseLaunchSchemeArgsEnv="YES" codeCoverageEnabled="NO">
		<Testables />
	</TestAction>
	<ProfileAction debugDocumentVersioning="YES" useCustomWorkingDirectory="NO" buildConfiguration="Release" shouldUseLaunchSchemeArgsEnv="YES" savedToolIdentifier="" />
	<BuildAction buildImplicitDependencies="YES" parallelizeBuildables="YES">
		<BuildActionEntries>
			<BuildActionEntry buildForArchiving="YES" buildForTesting="YES" buildForRunning="YES" buildForProfiling="YES" buildForAnalyzing="YES">
				<BuildableReference BuildableIdentifier="primary" BlueprintIdentifier="C437FE8E222368A1008D6C09" BlueprintName="AUv3FilterFramework macOS" ReferencedContainer="container:AUv3Filter.xcodeproj" BuildableName="AUv3FilterFramework.framework" />
			</BuildActionEntry>
		</BuildActionEntries>
	</BuildAction>
	<LaunchAction allowLocationSimulation="YES" launchStyle="0" selectedLauncherIdentifier="Xcode.DebuggerFoundation.Launcher.LLDB" ignoresPersistentStateOnLaunch="NO" selectedDebuggerIdentifier="Xcode.DebuggerFoundation.Debugger.LLDB" debugServiceExtension="internal" debugDocumentVersioning="YES" useCustomWorkingDirectory="NO" buildConfiguration="Debug" />
</Scheme>