<?xml version="1.0" encoding="utf-8" standalone="no"?>
<Scheme version="1.3" LastUpgradeVersion="1100">
	<AnalyzeAction buildConfiguration="Debug" />
	<ArchiveAction revealArchiveInOrganizer="YES" buildConfiguration="Release" />
	<TestAction codeCoverageEnabled="NO" selectedDebuggerIdentifier="Xcode.DebuggerFoundation.Debugger.LLDB" selectedLauncherIdentifier="Xcode.DebuggerFoundation.Launcher.LLDB" buildConfiguration="Debug" shouldUseLaunchSchemeArgsEnv="YES">
		<Testables />
		<MacroExpansion>
			<BuildableReference BlueprintName="AUv3Filter iOS" ReferencedContainer="container:AUv3Filter.xcodeproj" BlueprintIdentifier="C437FE39222367A6008D6C09" BuildableName="AUv3Filter.app" BuildableIdentifier="primary" />
		</MacroExpansion>
	</TestAction>
	<ProfileAction debugDocumentVersioning="YES" useCustomWorkingDirectory="NO" buildConfiguration="Release" shouldUseLaunchSchemeArgsEnv="YES" savedToolIdentifier="">
		<BuildableProductRunnable runnableDebuggingMode="0">
			<BuildableReference BuildableName="AUv3Filter.app" BlueprintIdentifier="C437FE39222367A6008D6C09" BlueprintName="AUv3Filter iOS" ReferencedContainer="container:AUv3Filter.xcodeproj" BuildableIdentifier="primary" />
		</BuildableProductRunnable>
	</ProfileAction>
	<BuildAction buildImplicitDependencies="YES" parallelizeBuildables="YES">
		<BuildActionEntries>
			<BuildActionEntry buildForAnalyzing="YES" buildForProfiling="YES" buildForTesting="YES" buildForArchiving="YES" buildForRunning="YES">
				<BuildableReference BlueprintIdentifier="C437FE39222367A6008D6C09" ReferencedContainer="container:AUv3Filter.xcodeproj" BlueprintName="AUv3Filter iOS" BuildableIdentifier="primary" BuildableName="AUv3Filter.app" />
			</BuildActionEntry>
		</BuildActionEntries>
	</BuildAction>
	<LaunchAction debugServiceExtension="internal" allowLocationSimulation="YES" ignoresPersistentStateOnLaunch="NO" useCustomWorkingDirectory="NO" buildConfiguration="Debug" selectedDebuggerIdentifier="Xcode.DebuggerFoundation.Debugger.LLDB" launchStyle="0" debugDocumentVersioning="YES" selectedLauncherIdentifier="Xcode.DebuggerFoundation.Launcher.LLDB">
		<BuildableProductRunnable runnableDebuggingMode="0">
			<BuildableReference BlueprintIdentifier="C437FE39222367A6008D6C09" BlueprintName="AUv3Filter iOS" ReferencedContainer="container:AUv3Filter.xcodeproj" BuildableIdentifier="primary" BuildableName="AUv3Filter.app" />
		</BuildableProductRunnable>
	</LaunchAction>
</Scheme>