<?xml version="1.0" encoding="utf-8" standalone="no"?>
<Scheme version="1.3" LastUpgradeVersion="1100">
	<AnalyzeAction buildConfiguration="Debug" />
	<ArchiveAction buildConfiguration="Release" revealArchiveInOrganizer="YES" />
	<TestAction codeCoverageEnabled="NO" selectedLauncherIdentifier="Xcode.DebuggerFoundation.Launcher.LLDB" selectedDebuggerIdentifier="Xcode.DebuggerFoundation.Debugger.LLDB" buildConfiguration="Debug" shouldUseLaunchSchemeArgsEnv="YES">
		<Testables />
	</TestAction>
	<ProfileAction debugDocumentVersioning="YES" savedToolIdentifier="" useCustomWorkingDirectory="NO" shouldUseLaunchSchemeArgsEnv="YES" buildConfiguration="Release" />
	<BuildAction buildImplicitDependencies="YES" parallelizeBuildables="YES">
		<BuildActionEntries>
			<BuildActionEntry buildForArchiving="YES" buildForRunning="YES" buildForTesting="YES" buildForAnalyzing="YES" buildForProfiling="YES">
				<BuildableReference ReferencedContainer="container:AUv3Filter.xcodeproj" BlueprintIdentifier="C437FE8E222368A1008D6C09" BlueprintName="AUv3FilterFramework macOS" BuildableName="AUv3FilterFramework.framework" BuildableIdentifier="primary" />
			</BuildActionEntry>
		</BuildActionEntries>
	</BuildAction>
	<LaunchAction selectedLauncherIdentifier="Xcode.DebuggerFoundation.Launcher.LLDB" ignoresPersistentStateOnLaunch="NO" debugDocumentVersioning="YES" allowLocationSimulation="YES" selectedDebuggerIdentifier="Xcode.DebuggerFoundation.Debugger.LLDB" debugServiceExtension="internal" buildConfiguration="Debug" useCustomWorkingDirectory="NO" launchStyle="0" />
</Scheme>