<?xml version="1.0" encoding="utf-8" standalone="no"?>
<Scheme LastUpgradeVersion="1100" version="1.3">
	<AnalyzeAction buildConfiguration="Debug" />
	<ArchiveAction buildConfiguration="Release" revealArchiveInOrganizer="YES" />
	<TestAction codeCoverageEnabled="NO" selectedDebuggerIdentifier="Xcode.DebuggerFoundation.Debugger.LLDB" shouldUseLaunchSchemeArgsEnv="YES" buildConfiguration="Debug" selectedLauncherIdentifier="Xcode.DebuggerFoundation.Launcher.LLDB">
		<Testables />
		<MacroExpansion>
			<BuildableReference ReferencedContainer="container:AUv3Filter.xcodeproj" BlueprintName="AUv3FilterExtension iOS" BuildableName="AUv3FilterExtension.appex" BlueprintIdentifier="C437FE622223686D008D6C09" BuildableIdentifier="primary" />
		</MacroExpansion>
	</TestAction>
	<ProfileAction savedToolIdentifier="" buildConfiguration="Release" useCustomWorkingDirectory="NO" shouldUseLaunchSchemeArgsEnv="YES" debugDocumentVersioning="YES">
		<BuildableProductRunnable runnableDebuggingMode="0">
			<BuildableReference BlueprintIdentifier="C437FE39222367A6008D6C09" ReferencedContainer="container:AUv3Filter.xcodeproj" BlueprintName="AUv3Filter iOS" BuildableIdentifier="primary" BuildableName="AUv3Filter.app" />
		</BuildableProductRunnable>
	</ProfileAction>
	<BuildAction parallelizeBuildables="YES" buildImplicitDependencies="YES">
		<BuildActionEntries>
			<BuildActionEntry buildForProfiling="YES" buildForTesting="YES" buildForRunning="YES" buildForArchiving="YES" buildForAnalyzing="YES">
				<BuildableReference BlueprintIdentifier="C437FE622223686D008D6C09" BlueprintName="AUv3FilterExtension iOS" BuildableName="AUv3FilterExtension.appex" ReferencedContainer="container:AUv3Filter.xcodeproj" BuildableIdentifier="primary" />
			</BuildActionEntry>
			<BuildActionEntry buildForArchiving="YES" buildForProfiling="YES" buildForRunning="YES" buildForAnalyzing="YES" buildForTesting="YES">
				<BuildableReference BlueprintIdentifier="C437FE39222367A6008D6C09" BuildableName="AUv3Filter.app" BuildableIdentifier="primary" BlueprintName="AUv3Filter iOS" ReferencedContainer="container:AUv3Filter.xcodeproj" />
			</BuildActionEntry>
		</BuildActionEntries>
	</BuildAction>
	<LaunchAction useCustomWorkingDirectory="NO" buildConfiguration="Debug" ignoresPersistentStateOnLaunch="NO" allowLocationSimulation="YES" selectedLauncherIdentifier="Xcode.IDEFoundation.Launcher.PosixSpawn" selectedDebuggerIdentifier="" debugDocumentVersioning="YES" debugServiceExtension="internal" launchStyle="0">
		<BuildableProductRunnable runnableDebuggingMode="0">
			<BuildableReference BlueprintName="AUv3Filter iOS" BuildableIdentifier="primary" ReferencedContainer="container:AUv3Filter.xcodeproj" BuildableName="AUv3Filter.app" BlueprintIdentifier="C437FE39222367A6008D6C09" />
		</BuildableProductRunnable>
	</LaunchAction>
</Scheme>